
Microsoft Visual Studio Solution File, Format Version 12.00
# Visual Studio Version 16
VisualStudioVersion = 16.0.32126.315
MinimumVisualStudioVersion = 10.0.40219.1
Project("{FAE04EC0-301F-11D3-BF4B-00C04F79EFBC}") = "Datos", "Datos.csproj", "{4CA7D9D6-00EE-4A52-96B5-318FF86E1F6B}"
EndProject
Project("{FAE04EC0-301F-11D3-BF4B-00C04F79EFBC}") = "Presentacion", "..\Presentacion\Presentacion.csproj", "{582AF097-E87F-4609-92F5-1E70A6023B61}"
EndProject
Project("{FAE04EC0-301F-11D3-BF4B-00C04F79EFBC}") = "Logica", "..\Logica\Logica.csproj", "{65F9D55D-906C-41B0-9485-F3984FF210E1}"
EndProject
Global
	GlobalSection(SolutionConfigurationPlatforms) = preSolution
		Debug|Any CPU = Debug|Any CPU
		Release|Any CPU = Release|Any CPU
	EndGlobalSection
	GlobalSection(ProjectConfigurationPlatforms) = postSolution
		{4CA7D9D6-00EE-4A52-96B5-318FF86E1F6B}.Debug|Any CPU.ActiveCfg = Debug|Any CPU
		{4CA7D9D6-00EE-4A52-96B5-318FF86E1F6B}.Debug|Any CPU.Build.0 = Debug|Any CPU
		{4CA7D9D6-00EE-4A52-96B5-318FF86E1F6B}.Release|Any CPU.ActiveCfg = Release|Any CPU
		{4CA7D9D6-00EE-4A52-96B5-318FF86E1F6B}.Release|Any CPU.Build.0 = Release|Any CPU
		{582AF097-E87F-4609-92F5-1E70A6023B61}.Debug|Any CPU.ActiveCfg = Debug|Any CPU
		{582AF097-E87F-4609-92F5-1E70A6023B61}.Debug|Any CPU.Build.0 = Debug|Any CPU
		{582AF097-E87F-4609-92F5-1E70A6023B61}.Release|Any CPU.ActiveCfg = Release|Any CPU
		{582AF097-E87F-4609-92F5-1E70A6023B61}.Release|Any CPU.Build.0 = Release|Any CPU
		{65F9D55D-906C-41B0-9485-F3984FF210E1}.Debug|Any CPU.ActiveCfg = Debug|Any CPU
		{65F9D55D-906C-41B0-9485-F3984FF210E1}.Debug|Any CPU.Build.0 = Debug|Any CPU
		{65F9D55D-906C-41B0-9485-F3984FF210E1}.Release|Any CPU.ActiveCfg = Release|Any CPU
		{65F9D55D-906C-41B0-9485-F3984FF210E1}.Release|Any CPU.Build.0 = Release|Any CPU
	EndGlobalSection
	GlobalSection(SolutionProperties) = preSolution
		HideSolutionNode = FALSE
	EndGlobalSection
	GlobalSection(ExtensibilityGlobals) = postSolution
		SolutionGuid = {42176354-7FCE-4ED2-AA2E-1562AF79919A}
	EndGlobalSection
EndGlobal
